{
  "name": "cineplex-check",
  "version": "1.0.0",
  "lockfileVersion": 3,
  "requires": true,
  "packages": {
    "": {
      "name": "cineplex-check",
      "version": "1.0.0",
      "bin": {
        "cineplex-check": "index.js"
      },
      "engines": {
        "node": ">=18"
      }
    }
  }
}
